
Microsoft Visual Studio Solution File, Format Version 12.00
# Visual Studio Version 17
Project("{2150E333-8FDC-42A3-9474-1A3956D46DE8}") = "CMakePredefinedTargets", "CMakePredefinedTargets", "{2A18BCDA-1006-3093-9023-38F41E41A96A}"
EndProject
Project("{2150E333-8FDC-42A3-9474-1A3956D46DE8}") = "GLFW3", "GLFW3", "{9B4A23A4-2E4B-3CA0-902E-D6AEDC14D35E}"
EndProject
Project("{8BC9CEB8-8B4A-11D0-8D11-00A0C91BC942}") = "ALL_BUILD", "ALL_BUILD.vcxproj", "{82988313-2B1C-3CE6-98F5-2584A078CC75}"
	ProjectSection(ProjectDependencies) = postProject
		{D4CD2CE7-5042-37AA-8E65-5278BCB855B2} = {D4CD2CE7-5042-37AA-8E65-5278BCB855B2}
		{D59048F2-C02E-3ABA-915A-3DD9F75684C4} = {D59048F2-C02E-3ABA-915A-3DD9F75684C4}
		{B2A38DB6-7399-3474-AA5A-8B2CEC25F75B} = {B2A38DB6-7399-3474-AA5A-8B2CEC25F75B}
	EndProjectSection
EndProject
Project("{8BC9CEB8-8B4A-11D0-8D11-00A0C91BC942}") = "GAME_APPLICATION", "GAME_APPLICATION.vcxproj", "{D4CD2CE7-5042-37AA-8E65-5278BCB855B2}"
	ProjectSection(ProjectDependencies) = postProject
		{D59048F2-C02E-3ABA-915A-3DD9F75684C4} = {D59048F2-C02E-3ABA-915A-3DD9F75684C4}
		{B2A38DB6-7399-3474-AA5A-8B2CEC25F75B} = {B2A38DB6-7399-3474-AA5A-8B2CEC25F75B}
	EndProjectSection
EndProject
Project("{8BC9CEB8-8B4A-11D0-8D11-00A0C91BC942}") = "ZERO_CHECK", "ZERO_CHECK.vcxproj", "{D59048F2-C02E-3ABA-915A-3DD9F75684C4}"
	ProjectSection(ProjectDependencies) = postProject
	EndProjectSection
EndProject
Project("{8BC9CEB8-8B4A-11D0-8D11-00A0C91BC942}") = "glfw", "vendor\glfw\src\glfw.vcxproj", "{B2A38DB6-7399-3474-AA5A-8B2CEC25F75B}"
	ProjectSection(ProjectDependencies) = postProject
		{D59048F2-C02E-3ABA-915A-3DD9F75684C4} = {D59048F2-C02E-3ABA-915A-3DD9F75684C4}
	EndProjectSection
EndProject
Global
	GlobalSection(SolutionConfigurationPlatforms) = preSolution
		Debug|x64 = Debug|x64
		Release|x64 = Release|x64
		MinSizeRel|x64 = MinSizeRel|x64
		RelWithDebInfo|x64 = RelWithDebInfo|x64
	EndGlobalSection
	GlobalSection(ProjectConfigurationPlatforms) = postSolution
		{82988313-2B1C-3CE6-98F5-2584A078CC75}.Debug|x64.ActiveCfg = Debug|x64
		{82988313-2B1C-3CE6-98F5-2584A078CC75}.Release|x64.ActiveCfg = Release|x64
		{82988313-2B1C-3CE6-98F5-2584A078CC75}.MinSizeRel|x64.ActiveCfg = MinSizeRel|x64
		{82988313-2B1C-3CE6-98F5-2584A078CC75}.RelWithDebInfo|x64.ActiveCfg = RelWithDebInfo|x64
		{D4CD2CE7-5042-37AA-8E65-5278BCB855B2}.Debug|x64.ActiveCfg = Debug|x64
		{D4CD2CE7-5042-37AA-8E65-5278BCB855B2}.Debug|x64.Build.0 = Debug|x64
		{D4CD2CE7-5042-37AA-8E65-5278BCB855B2}.Release|x64.ActiveCfg = Release|x64
		{D4CD2CE7-5042-37AA-8E65-5278BCB855B2}.Release|x64.Build.0 = Release|x64
		{D4CD2CE7-5042-37AA-8E65-5278BCB855B2}.MinSizeRel|x64.ActiveCfg = MinSizeRel|x64
		{D4CD2CE7-5042-37AA-8E65-5278BCB855B2}.MinSizeRel|x64.Build.0 = MinSizeRel|x64
		{D4CD2CE7-5042-37AA-8E65-5278BCB855B2}.RelWithDebInfo|x64.ActiveCfg = RelWithDebInfo|x64
		{D4CD2CE7-5042-37AA-8E65-5278BCB855B2}.RelWithDebInfo|x64.Build.0 = RelWithDebInfo|x64
		{D59048F2-C02E-3ABA-915A-3DD9F75684C4}.Debug|x64.ActiveCfg = Debug|x64
		{D59048F2-C02E-3ABA-915A-3DD9F75684C4}.Debug|x64.Build.0 = Debug|x64
		{D59048F2-C02E-3ABA-915A-3DD9F75684C4}.Release|x64.ActiveCfg = Release|x64
		{D59048F2-C02E-3ABA-915A-3DD9F75684C4}.Release|x64.Build.0 = Release|x64
		{D59048F2-C02E-3ABA-915A-3DD9F75684C4}.MinSizeRel|x64.ActiveCfg = MinSizeRel|x64
		{D59048F2-C02E-3ABA-915A-3DD9F75684C4}.MinSizeRel|x64.Build.0 = MinSizeRel|x64
		{D59048F2-C02E-3ABA-915A-3DD9F75684C4}.RelWithDebInfo|x64.ActiveCfg = RelWithDebInfo|x64
		{D59048F2-C02E-3ABA-915A-3DD9F75684C4}.RelWithDebInfo|x64.Build.0 = RelWithDebInfo|x64
		{B2A38DB6-7399-3474-AA5A-8B2CEC25F75B}.Debug|x64.ActiveCfg = Debug|x64
		{B2A38DB6-7399-3474-AA5A-8B2CEC25F75B}.Debug|x64.Build.0 = Debug|x64
		{B2A38DB6-7399-3474-AA5A-8B2CEC25F75B}.Release|x64.ActiveCfg = Release|x64
		{B2A38DB6-7399-3474-AA5A-8B2CEC25F75B}.Release|x64.Build.0 = Release|x64
		{B2A38DB6-7399-3474-AA5A-8B2CEC25F75B}.MinSizeRel|x64.ActiveCfg = MinSizeRel|x64
		{B2A38DB6-7399-3474-AA5A-8B2CEC25F75B}.MinSizeRel|x64.Build.0 = MinSizeRel|x64
		{B2A38DB6-7399-3474-AA5A-8B2CEC25F75B}.RelWithDebInfo|x64.ActiveCfg = RelWithDebInfo|x64
		{B2A38DB6-7399-3474-AA5A-8B2CEC25F75B}.RelWithDebInfo|x64.Build.0 = RelWithDebInfo|x64
	EndGlobalSection
	GlobalSection(NestedProjects) = preSolution
		{82988313-2B1C-3CE6-98F5-2584A078CC75} = {2A18BCDA-1006-3093-9023-38F41E41A96A}
		{D59048F2-C02E-3ABA-915A-3DD9F75684C4} = {2A18BCDA-1006-3093-9023-38F41E41A96A}
		{B2A38DB6-7399-3474-AA5A-8B2CEC25F75B} = {9B4A23A4-2E4B-3CA0-902E-D6AEDC14D35E}
	EndGlobalSection
	GlobalSection(ExtensibilityGlobals) = postSolution
		SolutionGuid = {7596C96B-A330-318B-8089-33A6C2F464DB}
	EndGlobalSection
	GlobalSection(ExtensibilityAddIns) = postSolution
	EndGlobalSection
EndGlobal
