<?xml version="1.0" encoding="utf-8"?>
<Project ToolsVersion="17.0" xmlns="http://schemas.microsoft.com/developer/msbuild/2003">
  <ItemGroup>
    <CustomBuild Include="D:\Mostafa\github\OpenKartCpp\CMakeFiles\b28a7c13e0fa1bb8e0705915f2ac757a\generate.stamp.rule">
      <Filter>CMake Rules</Filter>
    </CustomBuild>
  </ItemGroup>
  <ItemGroup>
    <Filter Include="CMake Rules">
      <UniqueIdentifier>{A2FFA9BB-1713-3F73-A700-AD2E56D7FE37}</UniqueIdentifier>
    </Filter>
  </ItemGroup>
</Project>
